// !$*UTF8*$!
{
	archiveVersion = 1;
	classes = {
	};
	objectVersion = 55;
	objects = {

/* Begin PBXBuildFile section */
		03327C07279F39E600B8A6B3 /* MapViewController.swift in Sources */ = {isa = PBXBuildFile; fileRef = 03327C06279F39E600B8A6B3 /* MapViewController.swift */; };
		03327C09279F671500B8A6B3 /* LoginController.swift in Sources */ = {isa = PBXBuildFile; fileRef = 03327C08279F671500B8A6B3 /* LoginController.swift */; };
		03327C0C279F683D00B8A6B3 /* Crypto in Frameworks */ = {isa = PBXBuildFile; productRef = 03327C0B279F683D00B8A6B3 /* Crypto */; };
		03327C0E279F683D00B8A6B3 /* _CryptoExtras in Frameworks */ = {isa = PBXBuildFile; productRef = 03327C0D279F683D00B8A6B3 /* _CryptoExtras */; };
		03327C10279FA34A00B8A6B3 /* AuthorizationController.swift in Sources */ = {isa = PBXBuildFile; fileRef = 03327C0F279FA34A00B8A6B3 /* AuthorizationController.swift */; };
		03327C12279FA7F800B8A6B3 /* KeychainPasswordItem.swift in Sources */ = {isa = PBXBuildFile; fileRef = 03327C11279FA7F800B8A6B3 /* KeychainPasswordItem.swift */; };
		03327C1627A0B16900B8A6B3 /* Settings.swift in Sources */ = {isa = PBXBuildFile; fileRef = 03327C1527A0B16900B8A6B3 /* Settings.swift */; };
		03981EBF27A38486006152C2 /* MakePostViewController.swift in Sources */ = {isa = PBXBuildFile; fileRef = 03981EBE27A38486006152C2 /* MakePostViewController.swift */; };
		039A485B279E2BEB00FE0610 /* AppDelegate.swift in Sources */ = {isa = PBXBuildFile; fileRef = 039A485A279E2BEB00FE0610 /* AppDelegate.swift */; };
		039A485D279E2BEB00FE0610 /* SceneDelegate.swift in Sources */ = {isa = PBXBuildFile; fileRef = 039A485C279E2BEB00FE0610 /* SceneDelegate.swift */; };
		039A485F279E2BEB00FE0610 /* ViewController.swift in Sources */ = {isa = PBXBuildFile; fileRef = 039A485E279E2BEB00FE0610 /* ViewController.swift */; };
		039A4862279E2BEB00FE0610 /* Main.storyboard in Resources */ = {isa = PBXBuildFile; fileRef = 039A4860279E2BEB00FE0610 /* Main.storyboard */; };
		039A4865279E2BEB00FE0610 /* FoodiGram.xcdatamodeld in Sources */ = {isa = PBXBuildFile; fileRef = 039A4863279E2BEB00FE0610 /* FoodiGram.xcdatamodeld */; };
		039A4867279E2BED00FE0610 /* Assets.xcassets in Resources */ = {isa = PBXBuildFile; fileRef = 039A4866279E2BED00FE0610 /* Assets.xcassets */; };
		039A486A279E2BED00FE0610 /* LaunchScreen.storyboard in Resources */ = {isa = PBXBuildFile; fileRef = 039A4868279E2BED00FE0610 /* LaunchScreen.storyboard */; };
		039A4876279E3E0600FE0610 /* libsqlite3.tbd in Frameworks */ = {isa = PBXBuildFile; fileRef = 039A4875279E3DF500FE0610 /* libsqlite3.tbd */; };
		039A487B279E413900FE0610 /* UserProfile.swift in Sources */ = {isa = PBXBuildFile; fileRef = 039A487A279E413900FE0610 /* UserProfile.swift */; };
		039A487F279E433600FE0610 /* DBHelper.swift in Sources */ = {isa = PBXBuildFile; fileRef = 039A487E279E433600FE0610 /* DBHelper.swift */; };
		039E5CB727F28DC300CEC302 /* CollectionViewCellPopUp.swift in Sources */ = {isa = PBXBuildFile; fileRef = 039E5CB627F28DC300CEC302 /* CollectionViewCellPopUp.swift */; };
		039E5CB927F3F27100CEC302 /* MapViewPostsViewController.swift in Sources */ = {isa = PBXBuildFile; fileRef = 039E5CB827F3F27100CEC302 /* MapViewPostsViewController.swift */; };
		039E5CBB27FBC0B100CEC302 /* DeletePostBool.swift in Sources */ = {isa = PBXBuildFile; fileRef = 039E5CBA27FBC0B100CEC302 /* DeletePostBool.swift */; };
		03B4E55727C6975E001D9D0B /* CreateProfileViewController.swift in Sources */ = {isa = PBXBuildFile; fileRef = 03B4E55627C6975E001D9D0B /* CreateProfileViewController.swift */; };
		03BB0B5D27D704B400F48D21 /* UserProfileViewController.swift in Sources */ = {isa = PBXBuildFile; fileRef = 03BB0B5C27D704B400F48D21 /* UserProfileViewController.swift */; };
		03BB0B6727E00EBC00F48D21 /* UserPostsViewController.swift in Sources */ = {isa = PBXBuildFile; fileRef = 03BB0B6627E00EBC00F48D21 /* UserPostsViewController.swift */; };
		03BB0B6B27E0485100F48D21 /* CollectionViewCell.swift in Sources */ = {isa = PBXBuildFile; fileRef = 03BB0B6A27E0485100F48D21 /* CollectionViewCell.swift */; };
/* End PBXBuildFile section */

/* Begin PBXFileReference section */
		03327C06279F39E600B8A6B3 /* MapViewController.swift */ = {isa = PBXFileReference; lastKnownFileType = sourcecode.swift; path = MapViewController.swift; sourceTree = "<group>"; };
		03327C08279F671500B8A6B3 /* LoginController.swift */ = {isa = PBXFileReference; lastKnownFileType = sourcecode.swift; path = LoginController.swift; sourceTree = "<group>"; };
		03327C0F279FA34A00B8A6B3 /* AuthorizationController.swift */ = {isa = PBXFileReference; lastKnownFileType = sourcecode.swift; path = AuthorizationController.swift; sourceTree = "<group>"; };
		03327C11279FA7F800B8A6B3 /* KeychainPasswordItem.swift */ = {isa = PBXFileReference; fileEncoding = 4; lastKnownFileType = sourcecode.swift; name = KeychainPasswordItem.swift; path = "../../../../Downloads/Friendvatars/Friendvatars-Final/Friendvatars/KeychainPasswordItem.swift"; sourceTree = "<group>"; };
		03327C1527A0B16900B8A6B3 /* Settings.swift */ = {isa = PBXFileReference; fileEncoding = 4; lastKnownFileType = sourcecode.swift; name = Settings.swift; path = "../../../../Downloads/Friendvatars/Friendvatars-Final/Friendvatars/Settings.swift"; sourceTree = "<group>"; };
		03981EBE27A38486006152C2 /* MakePostViewController.swift */ = {isa = PBXFileReference; lastKnownFileType = sourcecode.swift; path = MakePostViewController.swift; sourceTree = "<group>"; };
		039A4857279E2BEB00FE0610 /* FoodiGram.app */ = {isa = PBXFileReference; explicitFileType = wrapper.application; includeInIndex = 0; path = FoodiGram.app; sourceTree = BUILT_PRODUCTS_DIR; };
		039A485A279E2BEB00FE0610 /* AppDelegate.swift */ = {isa = PBXFileReference; lastKnownFileType = sourcecode.swift; path = AppDelegate.swift; sourceTree = "<group>"; };
		039A485C279E2BEB00FE0610 /* SceneDelegate.swift */ = {isa = PBXFileReference; lastKnownFileType = sourcecode.swift; path = SceneDelegate.swift; sourceTree = "<group>"; };
		039A485E279E2BEB00FE0610 /* ViewController.swift */ = {isa = PBXFileReference; lastKnownFileType = sourcecode.swift; path = ViewController.swift; sourceTree = "<group>"; };
		039A4861279E2BEB00FE0610 /* Base */ = {isa = PBXFileReference; lastKnownFileType = file.storyboard; name = Base; path = Base.lproj/Main.storyboard; sourceTree = "<group>"; };
		039A4864279E2BEB00FE0610 /* FoodiGram.xcdatamodel */ = {isa = PBXFileReference; lastKnownFileType = wrapper.xcdatamodel; path = FoodiGram.xcdatamodel; sourceTree = "<group>"; };
		039A4866279E2BED00FE0610 /* Assets.xcassets */ = {isa = PBXFileReference; lastKnownFileType = folder.assetcatalog; path = Assets.xcassets; sourceTree = "<group>"; };
		039A4869279E2BED00FE0610 /* Base */ = {isa = PBXFileReference; lastKnownFileType = file.storyboard; name = Base; path = Base.lproj/LaunchScreen.storyboard; sourceTree = "<group>"; };
		039A486B279E2BED00FE0610 /* Info.plist */ = {isa = PBXFileReference; lastKnownFileType = text.plist.xml; path = Info.plist; sourceTree = "<group>"; };
		039A4875279E3DF500FE0610 /* libsqlite3.tbd */ = {isa = PBXFileReference; lastKnownFileType = "sourcecode.text-based-dylib-definition"; name = libsqlite3.tbd; path = usr/lib/libsqlite3.tbd; sourceTree = SDKROOT; };
		039A487A279E413900FE0610 /* UserProfile.swift */ = {isa = PBXFileReference; lastKnownFileType = sourcecode.swift; path = UserProfile.swift; sourceTree = "<group>"; };
		039A487E279E433600FE0610 /* DBHelper.swift */ = {isa = PBXFileReference; lastKnownFileType = sourcecode.swift; path = DBHelper.swift; sourceTree = "<group>"; };
		039E5CB627F28DC300CEC302 /* CollectionViewCellPopUp.swift */ = {isa = PBXFileReference; lastKnownFileType = sourcecode.swift; path = CollectionViewCellPopUp.swift; sourceTree = "<group>"; };
		039E5CB827F3F27100CEC302 /* MapViewPostsViewController.swift */ = {isa = PBXFileReference; lastKnownFileType = sourcecode.swift; path = MapViewPostsViewController.swift; sourceTree = "<group>"; };
		039E5CBA27FBC0B100CEC302 /* DeletePostBool.swift */ = {isa = PBXFileReference; lastKnownFileType = sourcecode.swift; path = DeletePostBool.swift; sourceTree = "<group>"; };
		03B4E55627C6975E001D9D0B /* CreateProfileViewController.swift */ = {isa = PBXFileReference; lastKnownFileType = sourcecode.swift; path = CreateProfileViewController.swift; sourceTree = "<group>"; };
		03BB0B5C27D704B400F48D21 /* UserProfileViewController.swift */ = {isa = PBXFileReference; lastKnownFileType = sourcecode.swift; path = UserProfileViewController.swift; sourceTree = "<group>"; };
		03BB0B6627E00EBC00F48D21 /* UserPostsViewController.swift */ = {isa = PBXFileReference; lastKnownFileType = sourcecode.swift; path = UserPostsViewController.swift; sourceTree = "<group>"; };
		03BB0B6A27E0485100F48D21 /* CollectionViewCell.swift */ = {isa = PBXFileReference; lastKnownFileType = sourcecode.swift; path = CollectionViewCell.swift; sourceTree = "<group>"; };
/* End PBXFileReference section */

/* Begin PBXFrameworksBuildPhase section */
		039A4854279E2BEB00FE0610 /* Frameworks */ = {
			isa = PBXFrameworksBuildPhase;
			buildActionMask = 2147483647;
			files = (
				039A4876279E3E0600FE0610 /* libsqlite3.tbd in Frameworks */,
				03327C0C279F683D00B8A6B3 /* Crypto in Frameworks */,
				03327C0E279F683D00B8A6B3 /* _CryptoExtras in Frameworks */,
			);
			runOnlyForDeploymentPostprocessing = 0;
		};
/* End PBXFrameworksBuildPhase section */

/* Begin PBXGroup section */
		039A484E279E2BEB00FE0610 = {
			isa = PBXGroup;
			children = (
				039A4859279E2BEB00FE0610 /* FoodiGram */,
				039A4858279E2BEB00FE0610 /* Products */,
				039A4874279E3DF500FE0610 /* Frameworks */,
			);
			sourceTree = "<group>";
		};
		039A4858279E2BEB00FE0610 /* Products */ = {
			isa = PBXGroup;
			children = (
				039A4857279E2BEB00FE0610 /* FoodiGram.app */,
			);
			name = Products;
			sourceTree = "<group>";
		};
		039A4859279E2BEB00FE0610 /* FoodiGram */ = {
			isa = PBXGroup;
			children = (
				039A485A279E2BEB00FE0610 /* AppDelegate.swift */,
				039A485C279E2BEB00FE0610 /* SceneDelegate.swift */,
				039A485E279E2BEB00FE0610 /* ViewController.swift */,
				03327C08279F671500B8A6B3 /* LoginController.swift */,
				03B4E55627C6975E001D9D0B /* CreateProfileViewController.swift */,
				03327C0F279FA34A00B8A6B3 /* AuthorizationController.swift */,
				03327C06279F39E600B8A6B3 /* MapViewController.swift */,
				03981EBE27A38486006152C2 /* MakePostViewController.swift */,
				03BB0B5C27D704B400F48D21 /* UserProfileViewController.swift */,
				039A487A279E413900FE0610 /* UserProfile.swift */,
				039E5CBA27FBC0B100CEC302 /* DeletePostBool.swift */,
				03327C11279FA7F800B8A6B3 /* KeychainPasswordItem.swift */,
				039E5CB827F3F27100CEC302 /* MapViewPostsViewController.swift */,
				03BB0B6A27E0485100F48D21 /* CollectionViewCell.swift */,
				03BB0B6627E00EBC00F48D21 /* UserPostsViewController.swift */,
				039E5CB627F28DC300CEC302 /* CollectionViewCellPopUp.swift */,
				039A4866279E2BED00FE0610 /* Assets.xcassets */,
				039A4860279E2BEB00FE0610 /* Main.storyboard */,
				039A4868279E2BED00FE0610 /* LaunchScreen.storyboard */,
				039A486B279E2BED00FE0610 /* Info.plist */,
				039A4863279E2BEB00FE0610 /* FoodiGram.xcdatamodeld */,
				039A487E279E433600FE0610 /* DBHelper.swift */,
				03327C1527A0B16900B8A6B3 /* Settings.swift */,
			);
			path = FoodiGram;
			sourceTree = "<group>";
		};
		039A4874279E3DF500FE0610 /* Frameworks */ = {
			isa = PBXGroup;
			children = (
				039A4875279E3DF500FE0610 /* libsqlite3.tbd */,
			);
			name = Frameworks;
			sourceTree = "<group>";
		};
/* End PBXGroup section */

/* Begin PBXNativeTarget section */
		039A4856279E2BEB00FE0610 /* FoodiGram */ = {
			isa = PBXNativeTarget;
			buildConfigurationList = 039A486E279E2BED00FE0610 /* Build configuration list for PBXNativeTarget "FoodiGram" */;
			buildPhases = (
				039A4853279E2BEB00FE0610 /* Sources */,
				039A4854279E2BEB00FE0610 /* Frameworks */,
				039A4855279E2BEB00FE0610 /* Resources */,
			);
			buildRules = (
			);
			dependencies = (
			);
			name = FoodiGram;
			packageProductDependencies = (
				03327C0B279F683D00B8A6B3 /* Crypto */,
				03327C0D279F683D00B8A6B3 /* _CryptoExtras */,
			);
			productName = FoodiGram;
			productReference = 039A4857279E2BEB00FE0610 /* FoodiGram.app */;
			productType = "com.apple.product-type.application";
		};
/* End PBXNativeTarget section */

/* Begin PBXProject section */
		039A484F279E2BEB00FE0610 /* Project object */ = {
			isa = PBXProject;
			attributes = {
				BuildIndependentTargetsInParallel = 1;
				LastSwiftUpdateCheck = 1300;
				LastUpgradeCheck = 1300;
				TargetAttributes = {
					039A4856279E2BEB00FE0610 = {
						CreatedOnToolsVersion = 13.0;
						LastSwiftMigration = 1300;
					};
				};
			};
			buildConfigurationList = 039A4852279E2BEB00FE0610 /* Build configuration list for PBXProject "FoodiGram" */;
			compatibilityVersion = "Xcode 13.0";
			developmentRegion = en;
			hasScannedForEncodings = 0;
			knownRegions = (
				en,
				Base,
			);
			mainGroup = 039A484E279E2BEB00FE0610;
			packageReferences = (
				03327C0A279F683C00B8A6B3 /* XCRemoteSwiftPackageReference "swift-crypto" */,
			);
			productRefGroup = 039A4858279E2BEB00FE0610 /* Products */;
			projectDirPath = "";
			projectRoot = "";
			targets = (
				039A4856279E2BEB00FE0610 /* FoodiGram */,
			);
		};
/* End PBXProject section */

/* Begin PBXResourcesBuildPhase section */
		039A4855279E2BEB00FE0610 /* Resources */ = {
			isa = PBXResourcesBuildPhase;
			buildActionMask = 2147483647;
			files = (
				039A486A279E2BED00FE0610 /* LaunchScreen.storyboard in Resources */,
				039A4867279E2BED00FE0610 /* Assets.xcassets in Resources */,
				039A4862279E2BEB00FE0610 /* Main.storyboard in Resources */,
			);
			runOnlyForDeploymentPostprocessing = 0;
		};
/* End PBXResourcesBuildPhase section */

/* Begin PBXSourcesBuildPhase section */
		039A4853279E2BEB00FE0610 /* Sources */ = {
			isa = PBXSourcesBuildPhase;
			buildActionMask = 2147483647;
			files = (
				03981EBF27A38486006152C2 /* MakePostViewController.swift in Sources */,
				039A485F279E2BEB00FE0610 /* ViewController.swift in Sources */,
				03327C10279FA34A00B8A6B3 /* AuthorizationController.swift in Sources */,
				03327C1627A0B16900B8A6B3 /* Settings.swift in Sources */,
				039A485B279E2BEB00FE0610 /* AppDelegate.swift in Sources */,
				039A4865279E2BEB00FE0610 /* FoodiGram.xcdatamodeld in Sources */,
				039A487F279E433600FE0610 /* DBHelper.swift in Sources */,
				03327C09279F671500B8A6B3 /* LoginController.swift in Sources */,
				039A487B279E413900FE0610 /* UserProfile.swift in Sources */,
				039E5CBB27FBC0B100CEC302 /* DeletePostBool.swift in Sources */,
				03BB0B5D27D704B400F48D21 /* UserProfileViewController.swift in Sources */,
				03BB0B6B27E0485100F48D21 /* CollectionViewCell.swift in Sources */,
				039A485D279E2BEB00FE0610 /* SceneDelegate.swift in Sources */,
				039E5CB927F3F27100CEC302 /* MapViewPostsViewController.swift in Sources */,
				03327C07279F39E600B8A6B3 /* MapViewController.swift in Sources */,
				03B4E55727C6975E001D9D0B /* CreateProfileViewController.swift in Sources */,
				03327C12279FA7F800B8A6B3 /* KeychainPasswordItem.swift in Sources */,
				039E5CB727F28DC300CEC302 /* CollectionViewCellPopUp.swift in Sources */,
				03BB0B6727E00EBC00F48D21 /* UserPostsViewController.swift in Sources */,
			);
			runOnlyForDeploymentPostprocessing = 0;
		};
/* End PBXSourcesBuildPhase section */

/* Begin PBXVariantGroup section */
		039A4860279E2BEB00FE0610 /* Main.storyboard */ = {
			isa = PBXVariantGroup;
			children = (
				039A4861279E2BEB00FE0610 /* Base */,
			);
			name = Main.storyboard;
			sourceTree = "<group>";
		};
		039A4868279E2BED00FE0610 /* LaunchScreen.storyboard */ = {
			isa = PBXVariantGroup;
			children = (
				039A4869279E2BED00FE0610 /* Base */,
			);
			name = LaunchScreen.storyboard;
			sourceTree = "<group>";
		};
/* End PBXVariantGroup section */

/* Begin XCBuildConfiguration section */
		039A486C279E2BED00FE0610 /* Debug */ = {
			isa = XCBuildConfiguration;
			buildSettings = {
				ALWAYS_SEARCH_USER_PATHS = NO;
				CLANG_ANALYZER_NONNULL = YES;
				CLANG_ANALYZER_NUMBER_OBJECT_CONVERSION = YES_AGGRESSIVE;
				CLANG_CXX_LANGUAGE_STANDARD = "gnu++17";
				CLANG_CXX_LIBRARY = "libc++";
				CLANG_ENABLE_MODULES = YES;
				CLANG_ENABLE_OBJC_ARC = YES;
				CLANG_ENABLE_OBJC_WEAK = YES;
				CLANG_WARN_BLOCK_CAPTURE_AUTORELEASING = YES;
				CLANG_WARN_BOOL_CONVERSION = YES;
				CLANG_WARN_COMMA = YES;
				CLANG_WARN_CONSTANT_CONVERSION = YES;
				CLANG_WARN_DEPRECATED_OBJC_IMPLEMENTATIONS = YES;
				CLANG_WARN_DIRECT_OBJC_ISA_USAGE = YES_ERROR;
				CLANG_WARN_DOCUMENTATION_COMMENTS = YES;
				CLANG_WARN_EMPTY_BODY = YES;
				CLANG_WARN_ENUM_CONVERSION = YES;
				CLANG_WARN_INFINITE_RECURSION = YES;
				CLANG_WARN_INT_CONVERSION = YES;
				CLANG_WARN_NON_LITERAL_NULL_CONVERSION = YES;
				CLANG_WARN_OBJC_IMPLICIT_RETAIN_SELF = YES;
				CLANG_WARN_OBJC_LITERAL_CONVERSION = YES;
				CLANG_WARN_OBJC_ROOT_CLASS = YES_ERROR;
				CLANG_WARN_QUOTED_INCLUDE_IN_FRAMEWORK_HEADER = YES;
				CLANG_WARN_RANGE_LOOP_ANALYSIS = YES;
				CLANG_WARN_STRICT_PROTOTYPES = YES;
				CLANG_WARN_SUSPICIOUS_MOVE = YES;
				CLANG_WARN_UNGUARDED_AVAILABILITY = YES_AGGRESSIVE;
				CLANG_WARN_UNREACHABLE_CODE = YES;
				CLANG_WARN__DUPLICATE_METHOD_MATCH = YES;
				COPY_PHASE_STRIP = NO;
				DEBUG_INFORMATION_FORMAT = dwarf;
				ENABLE_STRICT_OBJC_MSGSEND = YES;
				ENABLE_TESTABILITY = YES;
				GCC_C_LANGUAGE_STANDARD = gnu11;
				GCC_DYNAMIC_NO_PIC = NO;
				GCC_NO_COMMON_BLOCKS = YES;
				GCC_OPTIMIZATION_LEVEL = 0;
				GCC_PREPROCESSOR_DEFINITIONS = (
					"DEBUG=1",
					"$(inherited)",
				);
				GCC_WARN_64_TO_32_BIT_CONVERSION = YES;
				GCC_WARN_ABOUT_RETURN_TYPE = YES_ERROR;
				GCC_WARN_UNDECLARED_SELECTOR = YES;
				GCC_WARN_UNINITIALIZED_AUTOS = YES_AGGRESSIVE;
				GCC_WARN_UNUSED_FUNCTION = YES;
				GCC_WARN_UNUSED_VARIABLE = YES;
				IPHONEOS_DEPLOYMENT_TARGET = 15.0;
				MTL_ENABLE_DEBUG_INFO = INCLUDE_SOURCE;
				MTL_FAST_MATH = YES;
				ONLY_ACTIVE_ARCH = YES;
				SDKROOT = iphoneos;
				SWIFT_ACTIVE_COMPILATION_CONDITIONS = DEBUG;
				SWIFT_OPTIMIZATION_LEVEL = "-Onone";
			};
			name = Debug;
		};
		039A486D279E2BED00FE0610 /* Release */ = {
			isa = XCBuildConfiguration;
			buildSettings = {
				ALWAYS_SEARCH_USER_PATHS = NO;
				CLANG_ANALYZER_NONNULL = YES;
				CLANG_ANALYZER_NUMBER_OBJECT_CONVERSION = YES_AGGRESSIVE;
				CLANG_CXX_LANGUAGE_STANDARD = "gnu++17";
				CLANG_CXX_LIBRARY = "libc++";
				CLANG_ENABLE_MODULES = YES;
				CLANG_ENABLE_OBJC_ARC = YES;
				CLANG_ENABLE_OBJC_WEAK = YES;
				CLANG_WARN_BLOCK_CAPTURE_AUTORELEASING = YES;
				CLANG_WARN_BOOL_CONVERSION = YES;
				CLANG_WARN_COMMA = YES;
				CLANG_WARN_CONSTANT_CONVERSION = YES;
				CLANG_WARN_DEPRECATED_OBJC_IMPLEMENTATIONS = YES;
				CLANG_WARN_DIRECT_OBJC_ISA_USAGE = YES_ERROR;
				CLANG_WARN_DOCUMENTATION_COMMENTS = YES;
				CLANG_WARN_EMPTY_BODY = YES;
				CLANG_WARN_ENUM_CONVERSION = YES;
				CLANG_WARN_INFINITE_RECURSION = YES;
				CLANG_WARN_INT_CONVERSION = YES;
				CLANG_WARN_NON_LITERAL_NULL_CONVERSION = YES;
				CLANG_WARN_OBJC_IMPLICIT_RETAIN_SELF = YES;
				CLANG_WARN_OBJC_LITERAL_CONVERSION = YES;
				CLANG_WARN_OBJC_ROOT_CLASS = YES_ERROR;
				CLANG_WARN_QUOTED_INCLUDE_IN_FRAMEWORK_HEADER = YES;
				CLANG_WARN_RANGE_LOOP_ANALYSIS = YES;
				CLANG_WARN_STRICT_PROTOTYPES = YES;
				CLANG_WARN_SUSPICIOUS_MOVE = YES;
				CLANG_WARN_UNGUARDED_AVAILABILITY = YES_AGGRESSIVE;
				CLANG_WARN_UNREACHABLE_CODE = YES;
				CLANG_WARN__DUPLICATE_METHOD_MATCH = YES;
				COPY_PHASE_STRIP = NO;
				DEBUG_INFORMATION_FORMAT = "dwarf-with-dsym";
				ENABLE_NS_ASSERTIONS = NO;
				ENABLE_STRICT_OBJC_MSGSEND = YES;
				GCC_C_LANGUAGE_STANDARD = gnu11;
				GCC_NO_COMMON_BLOCKS = YES;
				GCC_WARN_64_TO_32_BIT_CONVERSION = YES;
				GCC_WARN_ABOUT_RETURN_TYPE = YES_ERROR;
				GCC_WARN_UNDECLARED_SELECTOR = YES;
				GCC_WARN_UNINITIALIZED_AUTOS = YES_AGGRESSIVE;
				GCC_WARN_UNUSED_FUNCTION = YES;
				GCC_WARN_UNUSED_VARIABLE = YES;
				IPHONEOS_DEPLOYMENT_TARGET = 15.0;
				MTL_ENABLE_DEBUG_INFO = NO;
				MTL_FAST_MATH = YES;
				SDKROOT = iphoneos;
				SWIFT_COMPILATION_MODE = wholemodule;
				SWIFT_OPTIMIZATION_LEVEL = "-O";
				VALIDATE_PRODUCT = YES;
			};
			name = Release;
		};
		039A486F279E2BED00FE0610 /* Debug */ = {
			isa = XCBuildConfiguration;
			buildSettings = {
				ASSETCATALOG_COMPILER_APPICON_NAME = AppIcon;
				ASSETCATALOG_COMPILER_GLOBAL_ACCENT_COLOR_NAME = AccentColor;
				CLANG_ENABLE_MODULES = YES;
				CODE_SIGN_STYLE = Automatic;
				CURRENT_PROJECT_VERSION = 1;
				DEVELOPMENT_TEAM = 6SZXYTU8X5;
				GENERATE_INFOPLIST_FILE = YES;
				INFOPLIST_FILE = FoodiGram/Info.plist;
				INFOPLIST_KEY_UIApplicationSupportsIndirectInputEvents = YES;
				INFOPLIST_KEY_UILaunchStoryboardName = LaunchScreen;
				INFOPLIST_KEY_UIMainStoryboardFile = Main;
				INFOPLIST_KEY_UISupportedInterfaceOrientations = UIInterfaceOrientationPortrait;
				INFOPLIST_KEY_UISupportedInterfaceOrientations_iPad = "UIInterfaceOrientationPortrait UIInterfaceOrientationPortraitUpsideDown UIInterfaceOrientationLandscapeLeft UIInterfaceOrientationLandscapeRight";
				INFOPLIST_KEY_UISupportedInterfaceOrientations_iPhone = "UIInterfaceOrientationPortrait UIInterfaceOrientationLandscapeLeft UIInterfaceOrientationLandscapeRight";
				LD_RUNPATH_SEARCH_PATHS = (
					"$(inherited)",
					"@executable_path/Frameworks",
				);
				MARKETING_VERSION = 1.0;
				PRODUCT_BUNDLE_IDENTIFIER = "Melanie-Kramer.FoodiGram";
				PRODUCT_NAME = "$(TARGET_NAME)";
				SWIFT_EMIT_LOC_STRINGS = YES;
				SWIFT_OPTIMIZATION_LEVEL = "-Onone";
				SWIFT_VERSION = 5.0;
				TARGETED_DEVICE_FAMILY = 1;
			};
			name = Debug;
		};
		039A4870279E2BED00FE0610 /* Release */ = {
			isa = XCBuildConfiguration;
			buildSettings = {
				ASSETCATALOG_COMPILER_APPICON_NAME = AppIcon;
				ASSETCATALOG_COMPILER_GLOBAL_ACCENT_COLOR_NAME = AccentColor;
				CLANG_ENABLE_MODULES = YES;
				CODE_SIGN_STYLE = Automatic;
				CURRENT_PROJECT_VERSION = 1;
				DEVELOPMENT_TEAM = 6SZXYTU8X5;
				GENERATE_INFOPLIST_FILE = YES;
				INFOPLIST_FILE = FoodiGram/Info.plist;
				INFOPLIST_KEY_UIApplicationSupportsIndirectInputEvents = YES;
				INFOPLIST_KEY_UILaunchStoryboardName = LaunchScreen;
				INFOPLIST_KEY_UIMainStoryboardFile = Main;
				INFOPLIST_KEY_UISupportedInterfaceOrientations = UIInterfaceOrientationPortrait;
				INFOPLIST_KEY_UISupportedInterfaceOrientations_iPad = "UIInterfaceOrientationPortrait UIInterfaceOrientationPortraitUpsideDown UIInterfaceOrientationLandscapeLeft UIInterfaceOrientationLandscapeRight";
				INFOPLIST_KEY_UISupportedInterfaceOrientations_iPhone = "UIInterfaceOrientationPortrait UIInterfaceOrientationLandscapeLeft UIInterfaceOrientationLandscapeRight";
				LD_RUNPATH_SEARCH_PATHS = (
					"$(inherited)",
					"@executable_path/Frameworks",
				);
				MARKETING_VERSION = 1.0;
				PRODUCT_BUNDLE_IDENTIFIER = "Melanie-Kramer.FoodiGram";
				PRODUCT_NAME = "$(TARGET_NAME)";
				SWIFT_EMIT_LOC_STRINGS = YES;
				SWIFT_VERSION = 5.0;
				TARGETED_DEVICE_FAMILY = 1;
			};
			name = Release;
		};
/* End XCBuildConfiguration section */

/* Begin XCConfigurationList section */
		039A4852279E2BEB00FE0610 /* Build configuration list for PBXProject "FoodiGram" */ = {
			isa = XCConfigurationList;
			buildConfigurations = (
				039A486C279E2BED00FE0610 /* Debug */,
				039A486D279E2BED00FE0610 /* Release */,
			);
			defaultConfigurationIsVisible = 0;
			defaultConfigurationName = Release;
		};
		039A486E279E2BED00FE0610 /* Build configuration list for PBXNativeTarget "FoodiGram" */ = {
			isa = XCConfigurationList;
			buildConfigurations = (
				039A486F279E2BED00FE0610 /* Debug */,
				039A4870279E2BED00FE0610 /* Release */,
			);
			defaultConfigurationIsVisible = 0;
			defaultConfigurationName = Release;
		};
/* End XCConfigurationList section */

/* Begin XCRemoteSwiftPackageReference section */
		03327C0A279F683C00B8A6B3 /* XCRemoteSwiftPackageReference "swift-crypto" */ = {
			isa = XCRemoteSwiftPackageReference;
			repositoryURL = "https://github.com/apple/swift-crypto.git";
			requirement = {
				kind = upToNextMajorVersion;
				minimumVersion = 2.0.0;
			};
		};
/* End XCRemoteSwiftPackageReference section */

/* Begin XCSwiftPackageProductDependency section */
		03327C0B279F683D00B8A6B3 /* Crypto */ = {
			isa = XCSwiftPackageProductDependency;
			package = 03327C0A279F683C00B8A6B3 /* XCRemoteSwiftPackageReference "swift-crypto" */;
			productName = Crypto;
		};
		03327C0D279F683D00B8A6B3 /* _CryptoExtras */ = {
			isa = XCSwiftPackageProductDependency;
			package = 03327C0A279F683C00B8A6B3 /* XCRemoteSwiftPackageReference "swift-crypto" */;
			productName = _CryptoExtras;
		};
/* End XCSwiftPackageProductDependency section */

/* Begin XCVersionGroup section */
		039A4863279E2BEB00FE0610 /* FoodiGram.xcdatamodeld */ = {
			isa = XCVersionGroup;
			children = (
				039A4864279E2BEB00FE0610 /* FoodiGram.xcdatamodel */,
			);
			currentVersion = 039A4864279E2BEB00FE0610 /* FoodiGram.xcdatamodel */;
			path = FoodiGram.xcdatamodeld;
			sourceTree = "<group>";
			versionGroupType = wrapper.xcdatamodel;
		};
/* End XCVersionGroup section */
	};
	rootObject = 039A484F279E2BEB00FE0610 /* Project object */;
}
